
Microsoft Visual Studio Solution File, Format Version 12.00
# Visual Studio Version 17
VisualStudioVersion = 17.7.34031.279
MinimumVisualStudioVersion = 10.0.40219.1
Project("{FAE04EC0-301F-11D3-BF4B-00C04F79EFBC}") = "JokesWebApp", "JokesWebApp\JokesWebApp.csproj", "{52B4978F-5202-44DB-8D49-A76748050995}"
EndProject
Global
	GlobalSection(SolutionConfigurationPlatforms) = preSolution
		Debug|Any CPU = Debug|Any CPU
		Release|Any CPU = Release|Any CPU
	EndGlobalSection
	GlobalSection(ProjectConfigurationPlatforms) = postSolution
		{52B4978F-5202-44DB-8D49-A76748050995}.Debug|Any CPU.ActiveCfg = Debug|Any CPU
		{52B4978F-5202-44DB-8D49-A76748050995}.Debug|Any CPU.Build.0 = Debug|Any CPU
		{52B4978F-5202-44DB-8D49-A76748050995}.Release|Any CPU.ActiveCfg = Release|Any CPU
		{52B4978F-5202-44DB-8D49-A76748050995}.Release|Any CPU.Build.0 = Release|Any CPU
	EndGlobalSection
	GlobalSection(SolutionProperties) = preSolution
		HideSolutionNode = FALSE
	EndGlobalSection
	GlobalSection(ExtensibilityGlobals) = postSolution
		SolutionGuid = {8D371590-95AD-4C46-809E-A805563D817F}
	EndGlobalSection
EndGlobal
